
Microsoft Visual Studio Solution File, Format Version 12.00
# Visual Studio Version 16
VisualStudioVersion = 16.0.30621.155
MinimumVisualStudioVersion = 10.0.40219.1
Project("{FAE04EC0-301F-11D3-BF4B-00C04F79EFBC}") = "RobotStudioEngine", "RobotStudioEngine\RobotStudioEngine.csproj", "{1452EB8B-5807-4F71-8E19-B32B6F3D00B7}"
EndProject
Global
	GlobalSection(SolutionConfigurationPlatforms) = preSolution
		Debug|Any CPU = Debug|Any CPU
		Release|Any CPU = Release|Any CPU
	EndGlobalSection
	GlobalSection(ProjectConfigurationPlatforms) = postSolution
		{1452EB8B-5807-4F71-8E19-B32B6F3D00B7}.Debug|Any CPU.ActiveCfg = Debug|Any CPU
		{1452EB8B-5807-4F71-8E19-B32B6F3D00B7}.Debug|Any CPU.Build.0 = Debug|Any CPU
		{1452EB8B-5807-4F71-8E19-B32B6F3D00B7}.Release|Any CPU.ActiveCfg = Release|Any CPU
		{1452EB8B-5807-4F71-8E19-B32B6F3D00B7}.Release|Any CPU.Build.0 = Release|Any CPU
	EndGlobalSection
	GlobalSection(SolutionProperties) = preSolution
		HideSolutionNode = FALSE
	EndGlobalSection
	GlobalSection(ExtensibilityGlobals) = postSolution
		SolutionGuid = {62B49F9E-A3C7-4F7D-811D-C4E39B886057}
	EndGlobalSection
EndGlobal
